// !$*UTF8*$!
{
	archiveVersion = 1;
	classes = {
	};
	objectVersion = 50;
	objects = {

/* Begin PBXBuildFile section */
		2E1D3EB2221A76C5008A40E4 /* UIViewController_LoadingView.swift in Sources */ = {isa = PBXBuildFile; fileRef = 2E1D3EB1221A76C5008A40E4 /* UIViewController_LoadingView.swift */; };
		2E1D3EB4221AACB6008A40E4 /* UIViewController+AlertView.swift in Sources */ = {isa = PBXBuildFile; fileRef = 2E1D3EB3221AACB6008A40E4 /* UIViewController+AlertView.swift */; };
		2E2AEEE422154B6E00B84DBE /* AppDelegate.swift in Sources */ = {isa = PBXBuildFile; fileRef = 2E2AEEE322154B6E00B84DBE /* AppDelegate.swift */; };
		2E2AEEE622154B6E00B84DBE /* MainPageViewController.swift in Sources */ = {isa = PBXBuildFile; fileRef = 2E2AEEE522154B6E00B84DBE /* MainPageViewController.swift */; };
		2E2AEEE922154B6E00B84DBE /* Main.storyboard in Resources */ = {isa = PBXBuildFile; fileRef = 2E2AEEE722154B6E00B84DBE /* Main.storyboard */; };
		2E2AEEEB22154B7000B84DBE /* Assets.xcassets in Resources */ = {isa = PBXBuildFile; fileRef = 2E2AEEEA22154B7000B84DBE /* Assets.xcassets */; };
		2E2AEEEE22154B7000B84DBE /* LaunchScreen.storyboard in Resources */ = {isa = PBXBuildFile; fileRef = 2E2AEEEC22154B7000B84DBE /* LaunchScreen.storyboard */; };
		2E2AEEF922154B7000B84DBE /* BookMyMovieTests.swift in Sources */ = {isa = PBXBuildFile; fileRef = 2E2AEEF822154B7000B84DBE /* BookMyMovieTests.swift */; };
		2E2AEF0622154FC900B84DBE /* BaseViewModel.swift in Sources */ = {isa = PBXBuildFile; fileRef = 2E2AEF0522154FC900B84DBE /* BaseViewModel.swift */; };
		2E2AEF082215569900B84DBE /* DetailPageViewController.swift in Sources */ = {isa = PBXBuildFile; fileRef = 2E2AEF072215569900B84DBE /* DetailPageViewController.swift */; };
		2E2AEF0A221565B400B84DBE /* MovieListViewModel.swift in Sources */ = {isa = PBXBuildFile; fileRef = 2E2AEF09221565B400B84DBE /* MovieListViewModel.swift */; };
		2E2AEF0E2215666100B84DBE /* HttpClient.swift in Sources */ = {isa = PBXBuildFile; fileRef = 2E2AEF0D2215666100B84DBE /* HttpClient.swift */; };
		2E2AEF11221569CE00B84DBE /* APIConfig.swift in Sources */ = {isa = PBXBuildFile; fileRef = 2E2AEF10221569CE00B84DBE /* APIConfig.swift */; };
		2E2AEF142215713E00B84DBE /* MovieList.swift in Sources */ = {isa = PBXBuildFile; fileRef = 2E2AEF132215713E00B84DBE /* MovieList.swift */; };
		2E2AEF162215735400B84DBE /* MovieDetail.swift in Sources */ = {isa = PBXBuildFile; fileRef = 2E2AEF152215735400B84DBE /* MovieDetail.swift */; };
		2E7C5C66221935E1003D134D /* IBInspectable+UIView.swift in Sources */ = {isa = PBXBuildFile; fileRef = 2E7C5C65221935E1003D134D /* IBInspectable+UIView.swift */; };
		2E7C5C6A22193CCC003D134D /* APISession.swift in Sources */ = {isa = PBXBuildFile; fileRef = 2E7C5C6922193CCC003D134D /* APISession.swift */; };
		2E7C5C6C221943FA003D134D /* MovieDetailViewModel.swift in Sources */ = {isa = PBXBuildFile; fileRef = 2E7C5C6B221943FA003D134D /* MovieDetailViewModel.swift */; };
		2E7C5C6E221974D4003D134D /* BookingPageViewController.swift in Sources */ = {isa = PBXBuildFile; fileRef = 2E7C5C6D221974D4003D134D /* BookingPageViewController.swift */; };
		2EA8E880221BE08A008ECCA8 /* DismissAnimation.swift in Sources */ = {isa = PBXBuildFile; fileRef = 2EA8E87F221BE08A008ECCA8 /* DismissAnimation.swift */; };
		942F0ADD1C40E33A17D574EC /* Pods_BookMyMovie.framework in Frameworks */ = {isa = PBXBuildFile; fileRef = 35BE7E8F6F13A17EFFA61031 /* Pods_BookMyMovie.framework */; };
		FAC45854E0DDC0A459ACDDF2 /* Pods_BookMyMovieTests.framework in Frameworks */ = {isa = PBXBuildFile; fileRef = 00AFB27314F370FCF2F2A067 /* Pods_BookMyMovieTests.framework */; };
/* End PBXBuildFile section */

/* Begin PBXContainerItemProxy section */
		2E2AEEF522154B7000B84DBE /* PBXContainerItemProxy */ = {
			isa = PBXContainerItemProxy;
			containerPortal = 2E2AEED822154B6E00B84DBE /* Project object */;
			proxyType = 1;
			remoteGlobalIDString = 2E2AEEDF22154B6E00B84DBE;
			remoteInfo = BookMyMovie;
		};
/* End PBXContainerItemProxy section */

/* Begin PBXFileReference section */
		00AFB27314F370FCF2F2A067 /* Pods_BookMyMovieTests.framework */ = {isa = PBXFileReference; explicitFileType = wrapper.framework; includeInIndex = 0; path = Pods_BookMyMovieTests.framework; sourceTree = BUILT_PRODUCTS_DIR; };
		2316472273F436B79076AA77 /* Pods-BookMyMovieTests.debug.xcconfig */ = {isa = PBXFileReference; includeInIndex = 1; lastKnownFileType = text.xcconfig; name = "Pods-BookMyMovieTests.debug.xcconfig"; path = "Pods/Target Support Files/Pods-BookMyMovieTests/Pods-BookMyMovieTests.debug.xcconfig"; sourceTree = "<group>"; };
		2E1D3EB1221A76C5008A40E4 /* UIViewController_LoadingView.swift */ = {isa = PBXFileReference; lastKnownFileType = sourcecode.swift; path = UIViewController_LoadingView.swift; sourceTree = "<group>"; };
		2E1D3EB3221AACB6008A40E4 /* UIViewController+AlertView.swift */ = {isa = PBXFileReference; lastKnownFileType = sourcecode.swift; path = "UIViewController+AlertView.swift"; sourceTree = "<group>"; };
		2E2AEEE022154B6E00B84DBE /* BookMyMovie.app */ = {isa = PBXFileReference; explicitFileType = wrapper.application; includeInIndex = 0; path = BookMyMovie.app; sourceTree = BUILT_PRODUCTS_DIR; };
		2E2AEEE322154B6E00B84DBE /* AppDelegate.swift */ = {isa = PBXFileReference; lastKnownFileType = sourcecode.swift; path = AppDelegate.swift; sourceTree = "<group>"; };
		2E2AEEE522154B6E00B84DBE /* MainPageViewController.swift */ = {isa = PBXFileReference; lastKnownFileType = sourcecode.swift; path = MainPageViewController.swift; sourceTree = "<group>"; };
		2E2AEEE822154B6E00B84DBE /* Base */ = {isa = PBXFileReference; lastKnownFileType = file.storyboard; name = Base; path = Base.lproj/Main.storyboard; sourceTree = "<group>"; };
		2E2AEEEA22154B7000B84DBE /* Assets.xcassets */ = {isa = PBXFileReference; lastKnownFileType = folder.assetcatalog; path = Assets.xcassets; sourceTree = "<group>"; };
		2E2AEEED22154B7000B84DBE /* Base */ = {isa = PBXFileReference; lastKnownFileType = file.storyboard; name = Base; path = Base.lproj/LaunchScreen.storyboard; sourceTree = "<group>"; };
		2E2AEEEF22154B7000B84DBE /* Info.plist */ = {isa = PBXFileReference; lastKnownFileType = text.plist.xml; path = Info.plist; sourceTree = "<group>"; };
		2E2AEEF422154B7000B84DBE /* BookMyMovieTests.xctest */ = {isa = PBXFileReference; explicitFileType = wrapper.cfbundle; includeInIndex = 0; path = BookMyMovieTests.xctest; sourceTree = BUILT_PRODUCTS_DIR; };
		2E2AEEF822154B7000B84DBE /* BookMyMovieTests.swift */ = {isa = PBXFileReference; lastKnownFileType = sourcecode.swift; path = BookMyMovieTests.swift; sourceTree = "<group>"; };
		2E2AEEFA22154B7000B84DBE /* Info.plist */ = {isa = PBXFileReference; lastKnownFileType = text.plist.xml; path = Info.plist; sourceTree = "<group>"; };
		2E2AEF0522154FC900B84DBE /* BaseViewModel.swift */ = {isa = PBXFileReference; lastKnownFileType = sourcecode.swift; path = BaseViewModel.swift; sourceTree = "<group>"; };
		2E2AEF072215569900B84DBE /* DetailPageViewController.swift */ = {isa = PBXFileReference; lastKnownFileType = sourcecode.swift; path = DetailPageViewController.swift; sourceTree = "<group>"; };
		2E2AEF09221565B400B84DBE /* MovieListViewModel.swift */ = {isa = PBXFileReference; lastKnownFileType = sourcecode.swift; path = MovieListViewModel.swift; sourceTree = "<group>"; };
		2E2AEF0D2215666100B84DBE /* HttpClient.swift */ = {isa = PBXFileReference; lastKnownFileType = sourcecode.swift; path = HttpClient.swift; sourceTree = "<group>"; };
		2E2AEF10221569CE00B84DBE /* APIConfig.swift */ = {isa = PBXFileReference; lastKnownFileType = sourcecode.swift; path = APIConfig.swift; sourceTree = "<group>"; };
		2E2AEF132215713E00B84DBE /* MovieList.swift */ = {isa = PBXFileReference; lastKnownFileType = sourcecode.swift; path = MovieList.swift; sourceTree = "<group>"; };
		2E2AEF152215735400B84DBE /* MovieDetail.swift */ = {isa = PBXFileReference; lastKnownFileType = sourcecode.swift; path = MovieDetail.swift; sourceTree = "<group>"; };
		2E7C5C65221935E1003D134D /* IBInspectable+UIView.swift */ = {isa = PBXFileReference; lastKnownFileType = sourcecode.swift; path = "IBInspectable+UIView.swift"; sourceTree = "<group>"; };
		2E7C5C6922193CCC003D134D /* APISession.swift */ = {isa = PBXFileReference; lastKnownFileType = sourcecode.swift; path = APISession.swift; sourceTree = "<group>"; };
		2E7C5C6B221943FA003D134D /* MovieDetailViewModel.swift */ = {isa = PBXFileReference; lastKnownFileType = sourcecode.swift; path = MovieDetailViewModel.swift; sourceTree = "<group>"; };
		2E7C5C6D221974D4003D134D /* BookingPageViewController.swift */ = {isa = PBXFileReference; lastKnownFileType = sourcecode.swift; path = BookingPageViewController.swift; sourceTree = "<group>"; };
		2EA8E87F221BE08A008ECCA8 /* DismissAnimation.swift */ = {isa = PBXFileReference; lastKnownFileType = sourcecode.swift; path = DismissAnimation.swift; sourceTree = "<group>"; };
		35BE7E8F6F13A17EFFA61031 /* Pods_BookMyMovie.framework */ = {isa = PBXFileReference; explicitFileType = wrapper.framework; includeInIndex = 0; path = Pods_BookMyMovie.framework; sourceTree = BUILT_PRODUCTS_DIR; };
		6F0E8FD71B87F51A9D466B0A /* Pods-BookMyMovie.release.xcconfig */ = {isa = PBXFileReference; includeInIndex = 1; lastKnownFileType = text.xcconfig; name = "Pods-BookMyMovie.release.xcconfig"; path = "Pods/Target Support Files/Pods-BookMyMovie/Pods-BookMyMovie.release.xcconfig"; sourceTree = "<group>"; };
		8CA46D006B48D9955A6151F4 /* Pods-BookMyMovieTests.release.xcconfig */ = {isa = PBXFileReference; includeInIndex = 1; lastKnownFileType = text.xcconfig; name = "Pods-BookMyMovieTests.release.xcconfig"; path = "Pods/Target Support Files/Pods-BookMyMovieTests/Pods-BookMyMovieTests.release.xcconfig"; sourceTree = "<group>"; };
		D3844CB66B848ADFA8A4621A /* Pods-BookMyMovie.debug.xcconfig */ = {isa = PBXFileReference; includeInIndex = 1; lastKnownFileType = text.xcconfig; name = "Pods-BookMyMovie.debug.xcconfig"; path = "Pods/Target Support Files/Pods-BookMyMovie/Pods-BookMyMovie.debug.xcconfig"; sourceTree = "<group>"; };
/* End PBXFileReference section */

/* Begin PBXFrameworksBuildPhase section */
		2E2AEEDD22154B6E00B84DBE /* Frameworks */ = {
			isa = PBXFrameworksBuildPhase;
			buildActionMask = 2147483647;
			files = (
				942F0ADD1C40E33A17D574EC /* Pods_BookMyMovie.framework in Frameworks */,
			);
			runOnlyForDeploymentPostprocessing = 0;
		};
		2E2AEEF122154B7000B84DBE /* Frameworks */ = {
			isa = PBXFrameworksBuildPhase;
			buildActionMask = 2147483647;
			files = (
				FAC45854E0DDC0A459ACDDF2 /* Pods_BookMyMovieTests.framework in Frameworks */,
			);
			runOnlyForDeploymentPostprocessing = 0;
		};
/* End PBXFrameworksBuildPhase section */

/* Begin PBXGroup section */
		2B6E8ED14BA9815832A3CE8E /* Frameworks */ = {
			isa = PBXGroup;
			children = (
				35BE7E8F6F13A17EFFA61031 /* Pods_BookMyMovie.framework */,
				00AFB27314F370FCF2F2A067 /* Pods_BookMyMovieTests.framework */,
			);
			name = Frameworks;
			sourceTree = "<group>";
		};
		2E2AEED722154B6E00B84DBE = {
			isa = PBXGroup;
			children = (
				2E2AEEE222154B6E00B84DBE /* BookMyMovie */,
				2E2AEEF722154B7000B84DBE /* BookMyMovieTests */,
				2E2AEEE122154B6E00B84DBE /* Products */,
				36395864FCBC710EFBE538F7 /* Pods */,
				2B6E8ED14BA9815832A3CE8E /* Frameworks */,
			);
			sourceTree = "<group>";
		};
		2E2AEEE122154B6E00B84DBE /* Products */ = {
			isa = PBXGroup;
			children = (
				2E2AEEE022154B6E00B84DBE /* BookMyMovie.app */,
				2E2AEEF422154B7000B84DBE /* BookMyMovieTests.xctest */,
			);
			name = Products;
			sourceTree = "<group>";
		};
		2E2AEEE222154B6E00B84DBE /* BookMyMovie */ = {
			isa = PBXGroup;
			children = (
				2E2AEF0B2215664700B84DBE /* Common */,
				2E2AEF0322154FAA00B84DBE /* View */,
				2E2AEF0422154FB400B84DBE /* ViewModel */,
				2E2AEF12221570DA00B84DBE /* Model */,
				2E2AEEE322154B6E00B84DBE /* AppDelegate.swift */,
				2E2AEEE722154B6E00B84DBE /* Main.storyboard */,
				2E2AEEEA22154B7000B84DBE /* Assets.xcassets */,
				2E2AEEEC22154B7000B84DBE /* LaunchScreen.storyboard */,
				2E2AEEEF22154B7000B84DBE /* Info.plist */,
			);
			path = BookMyMovie;
			sourceTree = "<group>";
		};
		2E2AEEF722154B7000B84DBE /* BookMyMovieTests */ = {
			isa = PBXGroup;
			children = (
				2E2AEEF822154B7000B84DBE /* BookMyMovieTests.swift */,
				2E2AEEFA22154B7000B84DBE /* Info.plist */,
			);
			path = BookMyMovieTests;
			sourceTree = "<group>";
		};
		2E2AEF0322154FAA00B84DBE /* View */ = {
			isa = PBXGroup;
			children = (
				2E2AEEE522154B6E00B84DBE /* MainPageViewController.swift */,
				2E2AEF072215569900B84DBE /* DetailPageViewController.swift */,
				2E7C5C6D221974D4003D134D /* BookingPageViewController.swift */,
			);
			path = View;
			sourceTree = "<group>";
		};
		2E2AEF0422154FB400B84DBE /* ViewModel */ = {
			isa = PBXGroup;
			children = (
				2E2AEF0522154FC900B84DBE /* BaseViewModel.swift */,
				2E2AEF09221565B400B84DBE /* MovieListViewModel.swift */,
				2E7C5C6B221943FA003D134D /* MovieDetailViewModel.swift */,
			);
			path = ViewModel;
			sourceTree = "<group>";
		};
		2E2AEF0B2215664700B84DBE /* Common */ = {
			isa = PBXGroup;
			children = (
				2E2AEF0F221569AA00B84DBE /* API */,
				2E2AEF1722157CFF00B84DBE /* Extension */,
				2E7C5C6422193598003D134D /* IBInspector */,
				2E2AEF0C2215665000B84DBE /* Widget */,
			);
			path = Common;
			sourceTree = "<group>";
		};
		2E2AEF0C2215665000B84DBE /* Widget */ = {
			isa = PBXGroup;
			children = (
				2E2AEF0D2215666100B84DBE /* HttpClient.swift */,
				2EA8E87F221BE08A008ECCA8 /* DismissAnimation.swift */,
			);
			path = Widget;
			sourceTree = "<group>";
		};
		2E2AEF0F221569AA00B84DBE /* API */ = {
			isa = PBXGroup;
			children = (
				2E2AEF10221569CE00B84DBE /* APIConfig.swift */,
				2E7C5C6922193CCC003D134D /* APISession.swift */,
			);
			path = API;
			sourceTree = "<group>";
		};
		2E2AEF12221570DA00B84DBE /* Model */ = {
			isa = PBXGroup;
			children = (
				2E2AEF132215713E00B84DBE /* MovieList.swift */,
				2E2AEF152215735400B84DBE /* MovieDetail.swift */,
			);
			path = Model;
			sourceTree = "<group>";
		};
		2E2AEF1722157CFF00B84DBE /* Extension */ = {
			isa = PBXGroup;
			children = (
				2E1D3EB1221A76C5008A40E4 /* UIViewController_LoadingView.swift */,
				2E1D3EB3221AACB6008A40E4 /* UIViewController+AlertView.swift */,
			);
			path = Extension;
			sourceTree = "<group>";
		};
		2E7C5C6422193598003D134D /* IBInspector */ = {
			isa = PBXGroup;
			children = (
				2E7C5C65221935E1003D134D /* IBInspectable+UIView.swift */,
			);
			path = IBInspector;
			sourceTree = "<group>";
		};
		36395864FCBC710EFBE538F7 /* Pods */ = {
			isa = PBXGroup;
			children = (
				D3844CB66B848ADFA8A4621A /* Pods-BookMyMovie.debug.xcconfig */,
				6F0E8FD71B87F51A9D466B0A /* Pods-BookMyMovie.release.xcconfig */,
				2316472273F436B79076AA77 /* Pods-BookMyMovieTests.debug.xcconfig */,
				8CA46D006B48D9955A6151F4 /* Pods-BookMyMovieTests.release.xcconfig */,
			);
			name = Pods;
			sourceTree = "<group>";
		};
/* End PBXGroup section */

/* Begin PBXNativeTarget section */
		2E2AEEDF22154B6E00B84DBE /* BookMyMovie */ = {
			isa = PBXNativeTarget;
			buildConfigurationList = 2E2AEEFD22154B7000B84DBE /* Build configuration list for PBXNativeTarget "BookMyMovie" */;
			buildPhases = (
				63F82B39B97404D50CBF7EE9 /* [CP] Check Pods Manifest.lock */,
				2E2AEEDC22154B6E00B84DBE /* Sources */,
				2E2AEEDD22154B6E00B84DBE /* Frameworks */,
				2E2AEEDE22154B6E00B84DBE /* Resources */,
				E3F9E916D09A91B6219E96A9 /* [CP] Embed Pods Frameworks */,
			);
			buildRules = (
			);
			dependencies = (
			);
			name = BookMyMovie;
			productName = BookMyMovie;
			productReference = 2E2AEEE022154B6E00B84DBE /* BookMyMovie.app */;
			productType = "com.apple.product-type.application";
		};
		2E2AEEF322154B7000B84DBE /* BookMyMovieTests */ = {
			isa = PBXNativeTarget;
			buildConfigurationList = 2E2AEF0022154B7000B84DBE /* Build configuration list for PBXNativeTarget "BookMyMovieTests" */;
			buildPhases = (
				B0F835C83277391FCF5C80DA /* [CP] Check Pods Manifest.lock */,
				2E2AEEF022154B7000B84DBE /* Sources */,
				2E2AEEF122154B7000B84DBE /* Frameworks */,
				2E2AEEF222154B7000B84DBE /* Resources */,
			);
			buildRules = (
			);
			dependencies = (
				2E2AEEF622154B7000B84DBE /* PBXTargetDependency */,
			);
			name = BookMyMovieTests;
			productName = BookMyMovieTests;
			productReference = 2E2AEEF422154B7000B84DBE /* BookMyMovieTests.xctest */;
			productType = "com.apple.product-type.bundle.unit-test";
		};
/* End PBXNativeTarget section */

/* Begin PBXProject section */
		2E2AEED822154B6E00B84DBE /* Project object */ = {
			isa = PBXProject;
			attributes = {
				LastSwiftUpdateCheck = 1010;
				LastUpgradeCheck = 1010;
				ORGANIZATIONNAME = Victor;
				TargetAttributes = {
					2E2AEEDF22154B6E00B84DBE = {
						CreatedOnToolsVersion = 10.1;
					};
					2E2AEEF322154B7000B84DBE = {
						CreatedOnToolsVersion = 10.1;
						TestTargetID = 2E2AEEDF22154B6E00B84DBE;
					};
				};
			};
			buildConfigurationList = 2E2AEEDB22154B6E00B84DBE /* Build configuration list for PBXProject "BookMyMovie" */;
			compatibilityVersion = "Xcode 9.3";
			developmentRegion = en;
			hasScannedForEncodings = 0;
			knownRegions = (
				en,
				Base,
			);
			mainGroup = 2E2AEED722154B6E00B84DBE;
			productRefGroup = 2E2AEEE122154B6E00B84DBE /* Products */;
			projectDirPath = "";
			projectRoot = "";
			targets = (
				2E2AEEDF22154B6E00B84DBE /* BookMyMovie */,
				2E2AEEF322154B7000B84DBE /* BookMyMovieTests */,
			);
		};
/* End PBXProject section */

/* Begin PBXResourcesBuildPhase section */
		2E2AEEDE22154B6E00B84DBE /* Resources */ = {
			isa = PBXResourcesBuildPhase;
			buildActionMask = 2147483647;
			files = (
				2E2AEEEE22154B7000B84DBE /* LaunchScreen.storyboard in Resources */,
				2E2AEEEB22154B7000B84DBE /* Assets.xcassets in Resources */,
				2E2AEEE922154B6E00B84DBE /* Main.storyboard in Resources */,
			);
			runOnlyForDeploymentPostprocessing = 0;
		};
		2E2AEEF222154B7000B84DBE /* Resources */ = {
			isa = PBXResourcesBuildPhase;
			buildActionMask = 2147483647;
			files = (
			);
			runOnlyForDeploymentPostprocessing = 0;
		};
/* End PBXResourcesBuildPhase section */

/* Begin PBXShellScriptBuildPhase section */
		63F82B39B97404D50CBF7EE9 /* [CP] Check Pods Manifest.lock */ = {
			isa = PBXShellScriptBuildPhase;
			buildActionMask = 2147483647;
			files = (
			);
			inputPaths = (
				"${PODS_PODFILE_DIR_PATH}/Podfile.lock",
				"${PODS_ROOT}/Manifest.lock",
			);
			name = "[CP] Check Pods Manifest.lock";
			outputPaths = (
				"$(DERIVED_FILE_DIR)/Pods-BookMyMovie-checkManifestLockResult.txt",
			);
			runOnlyForDeploymentPostprocessing = 0;
			shellPath = /bin/sh;
			shellScript = "diff \"${PODS_PODFILE_DIR_PATH}/Podfile.lock\" \"${PODS_ROOT}/Manifest.lock\" > /dev/null\nif [ $? != 0 ] ; then\n    # print error to STDERR\n    echo \"error: The sandbox is not in sync with the Podfile.lock. Run 'pod install' or update your CocoaPods installation.\" >&2\n    exit 1\nfi\n# This output is used by Xcode 'outputs' to avoid re-running this script phase.\necho \"SUCCESS\" > \"${SCRIPT_OUTPUT_FILE_0}\"\n";
			showEnvVarsInLog = 0;
		};
		B0F835C83277391FCF5C80DA /* [CP] Check Pods Manifest.lock */ = {
			isa = PBXShellScriptBuildPhase;
			buildActionMask = 2147483647;
			files = (
			);
			inputPaths = (
				"${PODS_PODFILE_DIR_PATH}/Podfile.lock",
				"${PODS_ROOT}/Manifest.lock",
			);
			name = "[CP] Check Pods Manifest.lock";
			outputPaths = (
				"$(DERIVED_FILE_DIR)/Pods-BookMyMovieTests-checkManifestLockResult.txt",
			);
			runOnlyForDeploymentPostprocessing = 0;
			shellPath = /bin/sh;
			shellScript = "diff \"${PODS_PODFILE_DIR_PATH}/Podfile.lock\" \"${PODS_ROOT}/Manifest.lock\" > /dev/null\nif [ $? != 0 ] ; then\n    # print error to STDERR\n    echo \"error: The sandbox is not in sync with the Podfile.lock. Run 'pod install' or update your CocoaPods installation.\" >&2\n    exit 1\nfi\n# This output is used by Xcode 'outputs' to avoid re-running this script phase.\necho \"SUCCESS\" > \"${SCRIPT_OUTPUT_FILE_0}\"\n";
			showEnvVarsInLog = 0;
		};
		E3F9E916D09A91B6219E96A9 /* [CP] Embed Pods Frameworks */ = {
			isa = PBXShellScriptBuildPhase;
			buildActionMask = 2147483647;
			files = (
			);
			inputPaths = (
				"${SRCROOT}/Pods/Target Support Files/Pods-BookMyMovie/Pods-BookMyMovie-frameworks.sh",
				"${BUILT_PRODUCTS_DIR}/Alamofire/Alamofire.framework",
				"${BUILT_PRODUCTS_DIR}/Kingfisher/Kingfisher.framework",
				"${BUILT_PRODUCTS_DIR}/SwiftyJSON/SwiftyJSON.framework",
			);
			name = "[CP] Embed Pods Frameworks";
			outputPaths = (
				"${TARGET_BUILD_DIR}/${FRAMEWORKS_FOLDER_PATH}/Alamofire.framework",
				"${TARGET_BUILD_DIR}/${FRAMEWORKS_FOLDER_PATH}/Kingfisher.framework",
				"${TARGET_BUILD_DIR}/${FRAMEWORKS_FOLDER_PATH}/SwiftyJSON.framework",
			);
			runOnlyForDeploymentPostprocessing = 0;
			shellPath = /bin/sh;
			shellScript = "\"${SRCROOT}/Pods/Target Support Files/Pods-BookMyMovie/Pods-BookMyMovie-frameworks.sh\"\n";
			showEnvVarsInLog = 0;
		};
/* End PBXShellScriptBuildPhase section */

/* Begin PBXSourcesBuildPhase section */
		2E2AEEDC22154B6E00B84DBE /* Sources */ = {
			isa = PBXSourcesBuildPhase;
			buildActionMask = 2147483647;
			files = (
				2E2AEF082215569900B84DBE /* DetailPageViewController.swift in Sources */,
				2E2AEEE622154B6E00B84DBE /* MainPageViewController.swift in Sources */,
				2E2AEEE422154B6E00B84DBE /* AppDelegate.swift in Sources */,
				2E2AEF162215735400B84DBE /* MovieDetail.swift in Sources */,
				2E7C5C6C221943FA003D134D /* MovieDetailViewModel.swift in Sources */,
				2E7C5C6A22193CCC003D134D /* APISession.swift in Sources */,
				2E7C5C66221935E1003D134D /* IBInspectable+UIView.swift in Sources */,
				2E2AEF0622154FC900B84DBE /* BaseViewModel.swift in Sources */,
				2E1D3EB2221A76C5008A40E4 /* UIViewController_LoadingView.swift in Sources */,
				2E2AEF0E2215666100B84DBE /* HttpClient.swift in Sources */,
				2E2AEF0A221565B400B84DBE /* MovieListViewModel.swift in Sources */,
				2E1D3EB4221AACB6008A40E4 /* UIViewController+AlertView.swift in Sources */,
				2E2AEF142215713E00B84DBE /* MovieList.swift in Sources */,
				2EA8E880221BE08A008ECCA8 /* DismissAnimation.swift in Sources */,
				2E2AEF11221569CE00B84DBE /* APIConfig.swift in Sources */,
				2E7C5C6E221974D4003D134D /* BookingPageViewController.swift in Sources */,
			);
			runOnlyForDeploymentPostprocessing = 0;
		};
		2E2AEEF022154B7000B84DBE /* Sources */ = {
			isa = PBXSourcesBuildPhase;
			buildActionMask = 2147483647;
			files = (
				2E2AEEF922154B7000B84DBE /* BookMyMovieTests.swift in Sources */,
			);
			runOnlyForDeploymentPostprocessing = 0;
		};
/* End PBXSourcesBuildPhase section */

/* Begin PBXTargetDependency section */
		2E2AEEF622154B7000B84DBE /* PBXTargetDependency */ = {
			isa = PBXTargetDependency;
			target = 2E2AEEDF22154B6E00B84DBE /* BookMyMovie */;
			targetProxy = 2E2AEEF522154B7000B84DBE /* PBXContainerItemProxy */;
		};
/* End PBXTargetDependency section */

/* Begin PBXVariantGroup section */
		2E2AEEE722154B6E00B84DBE /* Main.storyboard */ = {
			isa = PBXVariantGroup;
			children = (
				2E2AEEE822154B6E00B84DBE /* Base */,
			);
			name = Main.storyboard;
			sourceTree = "<group>";
		};
		2E2AEEEC22154B7000B84DBE /* LaunchScreen.storyboard */ = {
			isa = PBXVariantGroup;
			children = (
				2E2AEEED22154B7000B84DBE /* Base */,
			);
			name = LaunchScreen.storyboard;
			sourceTree = "<group>";
		};
/* End PBXVariantGroup section */

/* Begin XCBuildConfiguration section */
		2E2AEEFB22154B7000B84DBE /* Debug */ = {
			isa = XCBuildConfiguration;
			buildSettings = {
				ALWAYS_SEARCH_USER_PATHS = NO;
				CLANG_ANALYZER_NONNULL = YES;
				CLANG_ANALYZER_NUMBER_OBJECT_CONVERSION = YES_AGGRESSIVE;
				CLANG_CXX_LANGUAGE_STANDARD = "gnu++14";
				CLANG_CXX_LIBRARY = "libc++";
				CLANG_ENABLE_MODULES = YES;
				CLANG_ENABLE_OBJC_ARC = YES;
				CLANG_ENABLE_OBJC_WEAK = YES;
				CLANG_WARN_BLOCK_CAPTURE_AUTORELEASING = YES;
				CLANG_WARN_BOOL_CONVERSION = YES;
				CLANG_WARN_COMMA = YES;
				CLANG_WARN_CONSTANT_CONVERSION = YES;
				CLANG_WARN_DEPRECATED_OBJC_IMPLEMENTATIONS = YES;
				CLANG_WARN_DIRECT_OBJC_ISA_USAGE = YES_ERROR;
				CLANG_WARN_DOCUMENTATION_COMMENTS = YES;
				CLANG_WARN_EMPTY_BODY = YES;
				CLANG_WARN_ENUM_CONVERSION = YES;
				CLANG_WARN_INFINITE_RECURSION = YES;
				CLANG_WARN_INT_CONVERSION = YES;
				CLANG_WARN_NON_LITERAL_NULL_CONVERSION = YES;
				CLANG_WARN_OBJC_IMPLICIT_RETAIN_SELF = YES;
				CLANG_WARN_OBJC_LITERAL_CONVERSION = YES;
				CLANG_WARN_OBJC_ROOT_CLASS = YES_ERROR;
				CLANG_WARN_RANGE_LOOP_ANALYSIS = YES;
				CLANG_WARN_STRICT_PROTOTYPES = YES;
				CLANG_WARN_SUSPICIOUS_MOVE = YES;
				CLANG_WARN_UNGUARDED_AVAILABILITY = YES_AGGRESSIVE;
				CLANG_WARN_UNREACHABLE_CODE = YES;
				CLANG_WARN__DUPLICATE_METHOD_MATCH = YES;
				CODE_SIGN_IDENTITY = "iPhone Developer";
				COPY_PHASE_STRIP = NO;
				DEBUG_INFORMATION_FORMAT = dwarf;
				ENABLE_STRICT_OBJC_MSGSEND = YES;
				ENABLE_TESTABILITY = YES;
				GCC_C_LANGUAGE_STANDARD = gnu11;
				GCC_DYNAMIC_NO_PIC = NO;
				GCC_NO_COMMON_BLOCKS = YES;
				GCC_OPTIMIZATION_LEVEL = 0;
				GCC_PREPROCESSOR_DEFINITIONS = (
					"DEBUG=1",
					"$(inherited)",
				);
				GCC_WARN_64_TO_32_BIT_CONVERSION = YES;
				GCC_WARN_ABOUT_RETURN_TYPE = YES_ERROR;
				GCC_WARN_UNDECLARED_SELECTOR = YES;
				GCC_WARN_UNINITIALIZED_AUTOS = YES_AGGRESSIVE;
				GCC_WARN_UNUSED_FUNCTION = YES;
				GCC_WARN_UNUSED_VARIABLE = YES;
				IPHONEOS_DEPLOYMENT_TARGET = 12.1;
				MTL_ENABLE_DEBUG_INFO = INCLUDE_SOURCE;
				MTL_FAST_MATH = YES;
				ONLY_ACTIVE_ARCH = YES;
				SDKROOT = iphoneos;
				SWIFT_ACTIVE_COMPILATION_CONDITIONS = DEBUG;
				SWIFT_OPTIMIZATION_LEVEL = "-Onone";
			};
			name = Debug;
		};
		2E2AEEFC22154B7000B84DBE /* Release */ = {
			isa = XCBuildConfiguration;
			buildSettings = {
				ALWAYS_SEARCH_USER_PATHS = NO;
				CLANG_ANALYZER_NONNULL = YES;
				CLANG_ANALYZER_NUMBER_OBJECT_CONVERSION = YES_AGGRESSIVE;
				CLANG_CXX_LANGUAGE_STANDARD = "gnu++14";
				CLANG_CXX_LIBRARY = "libc++";
				CLANG_ENABLE_MODULES = YES;
				CLANG_ENABLE_OBJC_ARC = YES;
				CLANG_ENABLE_OBJC_WEAK = YES;
				CLANG_WARN_BLOCK_CAPTURE_AUTORELEASING = YES;
				CLANG_WARN_BOOL_CONVERSION = YES;
				CLANG_WARN_COMMA = YES;
				CLANG_WARN_CONSTANT_CONVERSION = YES;
				CLANG_WARN_DEPRECATED_OBJC_IMPLEMENTATIONS = YES;
				CLANG_WARN_DIRECT_OBJC_ISA_USAGE = YES_ERROR;
				CLANG_WARN_DOCUMENTATION_COMMENTS = YES;
				CLANG_WARN_EMPTY_BODY = YES;
				CLANG_WARN_ENUM_CONVERSION = YES;
				CLANG_WARN_INFINITE_RECURSION = YES;
				CLANG_WARN_INT_CONVERSION = YES;
				CLANG_WARN_NON_LITERAL_NULL_CONVERSION = YES;
				CLANG_WARN_OBJC_IMPLICIT_RETAIN_SELF = YES;
				CLANG_WARN_OBJC_LITERAL_CONVERSION = YES;
				CLANG_WARN_OBJC_ROOT_CLASS = YES_ERROR;
				CLANG_WARN_RANGE_LOOP_ANALYSIS = YES;
				CLANG_WARN_STRICT_PROTOTYPES = YES;
				CLANG_WARN_SUSPICIOUS_MOVE = YES;
				CLANG_WARN_UNGUARDED_AVAILABILITY = YES_AGGRESSIVE;
				CLANG_WARN_UNREACHABLE_CODE = YES;
				CLANG_WARN__DUPLICATE_METHOD_MATCH = YES;
				CODE_SIGN_IDENTITY = "iPhone Developer";
				COPY_PHASE_STRIP = NO;
				DEBUG_INFORMATION_FORMAT = "dwarf-with-dsym";
				ENABLE_NS_ASSERTIONS = NO;
				ENABLE_STRICT_OBJC_MSGSEND = YES;
				GCC_C_LANGUAGE_STANDARD = gnu11;
				GCC_NO_COMMON_BLOCKS = YES;
				GCC_WARN_64_TO_32_BIT_CONVERSION = YES;
				GCC_WARN_ABOUT_RETURN_TYPE = YES_ERROR;
				GCC_WARN_UNDECLARED_SELECTOR = YES;
				GCC_WARN_UNINITIALIZED_AUTOS = YES_AGGRESSIVE;
				GCC_WARN_UNUSED_FUNCTION = YES;
				GCC_WARN_UNUSED_VARIABLE = YES;
				IPHONEOS_DEPLOYMENT_TARGET = 12.1;
				MTL_ENABLE_DEBUG_INFO = NO;
				MTL_FAST_MATH = YES;
				SDKROOT = iphoneos;
				SWIFT_COMPILATION_MODE = wholemodule;
				SWIFT_OPTIMIZATION_LEVEL = "-O";
				VALIDATE_PRODUCT = YES;
			};
			name = Release;
		};
		2E2AEEFE22154B7000B84DBE /* Debug */ = {
			isa = XCBuildConfiguration;
			baseConfigurationReference = D3844CB66B848ADFA8A4621A /* Pods-BookMyMovie.debug.xcconfig */;
			buildSettings = {
				ASSETCATALOG_COMPILER_APPICON_NAME = AppIcon;
				CODE_SIGN_STYLE = Automatic;
				DEVELOPMENT_TEAM = X3V56BF5AU;
				INFOPLIST_FILE = BookMyMovie/Info.plist;
				LD_RUNPATH_SEARCH_PATHS = (
					"$(inherited)",
					"@executable_path/Frameworks",
				);
				PRODUCT_BUNDLE_IDENTIFIER = com.Victor.Test.BookMyMovie;
				PRODUCT_NAME = "$(TARGET_NAME)";
				SWIFT_VERSION = 4.2;
				TARGETED_DEVICE_FAMILY = "1,2";
			};
			name = Debug;
		};
		2E2AEEFF22154B7000B84DBE /* Release */ = {
			isa = XCBuildConfiguration;
			baseConfigurationReference = 6F0E8FD71B87F51A9D466B0A /* Pods-BookMyMovie.release.xcconfig */;
			buildSettings = {
				ASSETCATALOG_COMPILER_APPICON_NAME = AppIcon;
				CODE_SIGN_STYLE = Automatic;
				DEVELOPMENT_TEAM = X3V56BF5AU;
				INFOPLIST_FILE = BookMyMovie/Info.plist;
				LD_RUNPATH_SEARCH_PATHS = (
					"$(inherited)",
					"@executable_path/Frameworks",
				);
				PRODUCT_BUNDLE_IDENTIFIER = com.Victor.Test.BookMyMovie;
				PRODUCT_NAME = "$(TARGET_NAME)";
				SWIFT_VERSION = 4.2;
				TARGETED_DEVICE_FAMILY = "1,2";
			};
			name = Release;
		};
		2E2AEF0122154B7000B84DBE /* Debug */ = {
			isa = XCBuildConfiguration;
			baseConfigurationReference = 2316472273F436B79076AA77 /* Pods-BookMyMovieTests.debug.xcconfig */;
			buildSettings = {
				ALWAYS_EMBED_SWIFT_STANDARD_LIBRARIES = YES;
				BUNDLE_LOADER = "$(TEST_HOST)";
				CODE_SIGN_STYLE = Automatic;
				DEVELOPMENT_TEAM = X3V56BF5AU;
				INFOPLIST_FILE = BookMyMovieTests/Info.plist;
				LD_RUNPATH_SEARCH_PATHS = (
					"$(inherited)",
					"@executable_path/Frameworks",
					"@loader_path/Frameworks",
				);
				PRODUCT_BUNDLE_IDENTIFIER = com.Victor.Test.BookMyMovieTests;
				PRODUCT_NAME = "$(TARGET_NAME)";
				SWIFT_VERSION = 4.2;
				TARGETED_DEVICE_FAMILY = "1,2";
				TEST_HOST = "$(BUILT_PRODUCTS_DIR)/BookMyMovie.app/BookMyMovie";
			};
			name = Debug;
		};
		2E2AEF0222154B7000B84DBE /* Release */ = {
			isa = XCBuildConfiguration;
			baseConfigurationReference = 8CA46D006B48D9955A6151F4 /* Pods-BookMyMovieTests.release.xcconfig */;
			buildSettings = {
				ALWAYS_EMBED_SWIFT_STANDARD_LIBRARIES = YES;
				BUNDLE_LOADER = "$(TEST_HOST)";
				CODE_SIGN_STYLE = Automatic;
				DEVELOPMENT_TEAM = X3V56BF5AU;
				INFOPLIST_FILE = BookMyMovieTests/Info.plist;
				LD_RUNPATH_SEARCH_PATHS = (
					"$(inherited)",
					"@executable_path/Frameworks",
					"@loader_path/Frameworks",
				);
				PRODUCT_BUNDLE_IDENTIFIER = com.Victor.Test.BookMyMovieTests;
				PRODUCT_NAME = "$(TARGET_NAME)";
				SWIFT_VERSION = 4.2;
				TARGETED_DEVICE_FAMILY = "1,2";
				TEST_HOST = "$(BUILT_PRODUCTS_DIR)/BookMyMovie.app/BookMyMovie";
			};
			name = Release;
		};
/* End XCBuildConfiguration section */

/* Begin XCConfigurationList section */
		2E2AEEDB22154B6E00B84DBE /* Build configuration list for PBXProject "BookMyMovie" */ = {
			isa = XCConfigurationList;
			buildConfigurations = (
				2E2AEEFB22154B7000B84DBE /* Debug */,
				2E2AEEFC22154B7000B84DBE /* Release */,
			);
			defaultConfigurationIsVisible = 0;
			defaultConfigurationName = Release;
		};
		2E2AEEFD22154B7000B84DBE /* Build configuration list for PBXNativeTarget "BookMyMovie" */ = {
			isa = XCConfigurationList;
			buildConfigurations = (
				2E2AEEFE22154B7000B84DBE /* Debug */,
				2E2AEEFF22154B7000B84DBE /* Release */,
			);
			defaultConfigurationIsVisible = 0;
			defaultConfigurationName = Release;
		};
		2E2AEF0022154B7000B84DBE /* Build configuration list for PBXNativeTarget "BookMyMovieTests" */ = {
			isa = XCConfigurationList;
			buildConfigurations = (
				2E2AEF0122154B7000B84DBE /* Debug */,
				2E2AEF0222154B7000B84DBE /* Release */,
			);
			defaultConfigurationIsVisible = 0;
			defaultConfigurationName = Release;
		};
/* End XCConfigurationList section */
	};
	rootObject = 2E2AEED822154B6E00B84DBE /* Project object */;
}
